
Microsoft Visual Studio Solution File, Format Version 12.00
# Visual Studio Version 17
VisualStudioVersion = 17.4.33110.190
MinimumVisualStudioVersion = 10.0.40219.1
Project("{FAE04EC0-301F-11D3-BF4B-00C04F79EFBC}") = "SistemaWebEmpleado", "SistemaWebEmpleado\SistemaWebEmpleado.csproj", "{77EFBBC2-E3B8-4BB0-BC64-A913DDC7FE26}"
EndProject
Global
	GlobalSection(SolutionConfigurationPlatforms) = preSolution
		Debug|Any CPU = Debug|Any CPU
		Release|Any CPU = Release|Any CPU
	EndGlobalSection
	GlobalSection(ProjectConfigurationPlatforms) = postSolution
		{77EFBBC2-E3B8-4BB0-BC64-A913DDC7FE26}.Debug|Any CPU.ActiveCfg = Debug|Any CPU
		{77EFBBC2-E3B8-4BB0-BC64-A913DDC7FE26}.Debug|Any CPU.Build.0 = Debug|Any CPU
		{77EFBBC2-E3B8-4BB0-BC64-A913DDC7FE26}.Release|Any CPU.ActiveCfg = Release|Any CPU
		{77EFBBC2-E3B8-4BB0-BC64-A913DDC7FE26}.Release|Any CPU.Build.0 = Release|Any CPU
	EndGlobalSection
	GlobalSection(SolutionProperties) = preSolution
		HideSolutionNode = FALSE
	EndGlobalSection
	GlobalSection(ExtensibilityGlobals) = postSolution
		SolutionGuid = {73073F0B-1B3E-440E-B600-8BA54D226668}
	EndGlobalSection
EndGlobal
